// !$*UTF8*$!
{
	archiveVersion = 1;
	classes = {
	};
	objectVersion = 56;
	objects = {

/* Begin PBXBuildFile section */
		242F3AA22B18A0D300B96240 /* AppDelegate.swift in Sources */ = {isa = PBXBuildFile; fileRef = 242F3AA12B18A0D300B96240 /* AppDelegate.swift */; };
		242F3AA42B18A0D300B96240 /* SceneDelegate.swift in Sources */ = {isa = PBXBuildFile; fileRef = 242F3AA32B18A0D300B96240 /* SceneDelegate.swift */; };
		242F3AA62B18A0D300B96240 /* ViewController.swift in Sources */ = {isa = PBXBuildFile; fileRef = 242F3AA52B18A0D300B96240 /* ViewController.swift */; };
		242F3AA92B18A0D300B96240 /* Main.storyboard in Resources */ = {isa = PBXBuildFile; fileRef = 242F3AA72B18A0D300B96240 /* Main.storyboard */; };
		242F3AAB2B18A0D700B96240 /* Assets.xcassets in Resources */ = {isa = PBXBuildFile; fileRef = 242F3AAA2B18A0D700B96240 /* Assets.xcassets */; };
		242F3AAE2B18A0D700B96240 /* LaunchScreen.storyboard in Resources */ = {isa = PBXBuildFile; fileRef = 242F3AAC2B18A0D700B96240 /* LaunchScreen.storyboard */; };
		CA07FD785A37C552110B70A6 /* Pods_SnapKit_constraints.framework in Frameworks */ = {isa = PBXBuildFile; fileRef = 3B0E99E2A3CC822C653A4F7E /* Pods_SnapKit_constraints.framework */; };
/* End PBXBuildFile section */

/* Begin PBXFileReference section */
		242F3A9E2B18A0D300B96240 /* SnapKit constraints.app */ = {isa = PBXFileReference; explicitFileType = wrapper.application; includeInIndex = 0; path = "SnapKit constraints.app"; sourceTree = BUILT_PRODUCTS_DIR; };
		242F3AA12B18A0D300B96240 /* AppDelegate.swift */ = {isa = PBXFileReference; lastKnownFileType = sourcecode.swift; path = AppDelegate.swift; sourceTree = "<group>"; };
		242F3AA32B18A0D300B96240 /* SceneDelegate.swift */ = {isa = PBXFileReference; lastKnownFileType = sourcecode.swift; path = SceneDelegate.swift; sourceTree = "<group>"; };
		242F3AA52B18A0D300B96240 /* ViewController.swift */ = {isa = PBXFileReference; lastKnownFileType = sourcecode.swift; path = ViewController.swift; sourceTree = "<group>"; };
		242F3AA82B18A0D300B96240 /* Base */ = {isa = PBXFileReference; lastKnownFileType = file.storyboard; name = Base; path = Base.lproj/Main.storyboard; sourceTree = "<group>"; };
		242F3AAA2B18A0D700B96240 /* Assets.xcassets */ = {isa = PBXFileReference; lastKnownFileType = folder.assetcatalog; path = Assets.xcassets; sourceTree = "<group>"; };
		242F3AAD2B18A0D700B96240 /* Base */ = {isa = PBXFileReference; lastKnownFileType = file.storyboard; name = Base; path = Base.lproj/LaunchScreen.storyboard; sourceTree = "<group>"; };
		242F3AAF2B18A0D700B96240 /* Info.plist */ = {isa = PBXFileReference; lastKnownFileType = text.plist.xml; path = Info.plist; sourceTree = "<group>"; };
		3B0E99E2A3CC822C653A4F7E /* Pods_SnapKit_constraints.framework */ = {isa = PBXFileReference; explicitFileType = wrapper.framework; includeInIndex = 0; path = Pods_SnapKit_constraints.framework; sourceTree = BUILT_PRODUCTS_DIR; };
		DAC7B9CC60EAD200185FCD1E /* Pods-SnapKit constraints.debug.xcconfig */ = {isa = PBXFileReference; includeInIndex = 1; lastKnownFileType = text.xcconfig; name = "Pods-SnapKit constraints.debug.xcconfig"; path = "Target Support Files/Pods-SnapKit constraints/Pods-SnapKit constraints.debug.xcconfig"; sourceTree = "<group>"; };
		F8D93D7365578AF17158F310 /* Pods-SnapKit constraints.release.xcconfig */ = {isa = PBXFileReference; includeInIndex = 1; lastKnownFileType = text.xcconfig; name = "Pods-SnapKit constraints.release.xcconfig"; path = "Target Support Files/Pods-SnapKit constraints/Pods-SnapKit constraints.release.xcconfig"; sourceTree = "<group>"; };
/* End PBXFileReference section */

/* Begin PBXFrameworksBuildPhase section */
		242F3A9B2B18A0D300B96240 /* Frameworks */ = {
			isa = PBXFrameworksBuildPhase;
			buildActionMask = 2147483647;
			files = (
				CA07FD785A37C552110B70A6 /* Pods_SnapKit_constraints.framework in Frameworks */,
			);
			runOnlyForDeploymentPostprocessing = 0;
		};
/* End PBXFrameworksBuildPhase section */

/* Begin PBXGroup section */
		13787D02446EDE7DF6D96C50 /* Pods */ = {
			isa = PBXGroup;
			children = (
				DAC7B9CC60EAD200185FCD1E /* Pods-SnapKit constraints.debug.xcconfig */,
				F8D93D7365578AF17158F310 /* Pods-SnapKit constraints.release.xcconfig */,
			);
			name = Pods;
			path = Pods;
			sourceTree = "<group>";
		};
		242F3A952B18A0D200B96240 = {
			isa = PBXGroup;
			children = (
				242F3AA02B18A0D300B96240 /* SnapKit constraints */,
				242F3A9F2B18A0D300B96240 /* Products */,
				13787D02446EDE7DF6D96C50 /* Pods */,
				943F0474EAFF4F9EB2EEB44E /* Frameworks */,
			);
			sourceTree = "<group>";
		};
		242F3A9F2B18A0D300B96240 /* Products */ = {
			isa = PBXGroup;
			children = (
				242F3A9E2B18A0D300B96240 /* SnapKit constraints.app */,
			);
			name = Products;
			sourceTree = "<group>";
		};
		242F3AA02B18A0D300B96240 /* SnapKit constraints */ = {
			isa = PBXGroup;
			children = (
				242F3AA12B18A0D300B96240 /* AppDelegate.swift */,
				242F3AA32B18A0D300B96240 /* SceneDelegate.swift */,
				242F3AA52B18A0D300B96240 /* ViewController.swift */,
				242F3AA72B18A0D300B96240 /* Main.storyboard */,
				242F3AAA2B18A0D700B96240 /* Assets.xcassets */,
				242F3AAC2B18A0D700B96240 /* LaunchScreen.storyboard */,
				242F3AAF2B18A0D700B96240 /* Info.plist */,
			);
			path = "SnapKit constraints";
			sourceTree = "<group>";
		};
		943F0474EAFF4F9EB2EEB44E /* Frameworks */ = {
			isa = PBXGroup;
			children = (
				3B0E99E2A3CC822C653A4F7E /* Pods_SnapKit_constraints.framework */,
			);
			name = Frameworks;
			sourceTree = "<group>";
		};
/* End PBXGroup section */

/* Begin PBXNativeTarget section */
		242F3A9D2B18A0D300B96240 /* SnapKit constraints */ = {
			isa = PBXNativeTarget;
			buildConfigurationList = 242F3AB22B18A0D700B96240 /* Build configuration list for PBXNativeTarget "SnapKit constraints" */;
			buildPhases = (
				A13AB63248EB9E877BEC5A9A /* [CP] Check Pods Manifest.lock */,
				242F3A9A2B18A0D300B96240 /* Sources */,
				242F3A9B2B18A0D300B96240 /* Frameworks */,
				242F3A9C2B18A0D300B96240 /* Resources */,
				6B04149DA556729199C24B51 /* [CP] Embed Pods Frameworks */,
			);
			buildRules = (
			);
			dependencies = (
			);
			name = "SnapKit constraints";
			productName = "SnapKit constraints";
			productReference = 242F3A9E2B18A0D300B96240 /* SnapKit constraints.app */;
			productType = "com.apple.product-type.application";
		};
/* End PBXNativeTarget section */

/* Begin PBXProject section */
		242F3A962B18A0D200B96240 /* Project object */ = {
			isa = PBXProject;
			attributes = {
				BuildIndependentTargetsInParallel = 1;
				LastSwiftUpdateCheck = 1420;
				LastUpgradeCheck = 1420;
				TargetAttributes = {
					242F3A9D2B18A0D300B96240 = {
						CreatedOnToolsVersion = 14.2;
					};
				};
			};
			buildConfigurationList = 242F3A992B18A0D200B96240 /* Build configuration list for PBXProject "SnapKit constraints" */;
			compatibilityVersion = "Xcode 14.0";
			developmentRegion = en;
			hasScannedForEncodings = 0;
			knownRegions = (
				en,
				Base,
			);
			mainGroup = 242F3A952B18A0D200B96240;
			productRefGroup = 242F3A9F2B18A0D300B96240 /* Products */;
			projectDirPath = "";
			projectRoot = "";
			targets = (
				242F3A9D2B18A0D300B96240 /* SnapKit constraints */,
			);
		};
/* End PBXProject section */

/* Begin PBXResourcesBuildPhase section */
		242F3A9C2B18A0D300B96240 /* Resources */ = {
			isa = PBXResourcesBuildPhase;
			buildActionMask = 2147483647;
			files = (
				242F3AAE2B18A0D700B96240 /* LaunchScreen.storyboard in Resources */,
				242F3AAB2B18A0D700B96240 /* Assets.xcassets in Resources */,
				242F3AA92B18A0D300B96240 /* Main.storyboard in Resources */,
			);
			runOnlyForDeploymentPostprocessing = 0;
		};
/* End PBXResourcesBuildPhase section */

/* Begin PBXShellScriptBuildPhase section */
		6B04149DA556729199C24B51 /* [CP] Embed Pods Frameworks */ = {
			isa = PBXShellScriptBuildPhase;
			buildActionMask = 2147483647;
			files = (
			);
			inputFileListPaths = (
				"${PODS_ROOT}/Target Support Files/Pods-SnapKit constraints/Pods-SnapKit constraints-frameworks-${CONFIGURATION}-input-files.xcfilelist",
			);
			name = "[CP] Embed Pods Frameworks";
			outputFileListPaths = (
				"${PODS_ROOT}/Target Support Files/Pods-SnapKit constraints/Pods-SnapKit constraints-frameworks-${CONFIGURATION}-output-files.xcfilelist",
			);
			runOnlyForDeploymentPostprocessing = 0;
			shellPath = /bin/sh;
			shellScript = "\"${PODS_ROOT}/Target Support Files/Pods-SnapKit constraints/Pods-SnapKit constraints-frameworks.sh\"\n";
			showEnvVarsInLog = 0;
		};
		A13AB63248EB9E877BEC5A9A /* [CP] Check Pods Manifest.lock */ = {
			isa = PBXShellScriptBuildPhase;
			buildActionMask = 2147483647;
			files = (
			);
			inputFileListPaths = (
			);
			inputPaths = (
				"${PODS_PODFILE_DIR_PATH}/Podfile.lock",
				"${PODS_ROOT}/Manifest.lock",
			);
			name = "[CP] Check Pods Manifest.lock";
			outputFileListPaths = (
			);
			outputPaths = (
				"$(DERIVED_FILE_DIR)/Pods-SnapKit constraints-checkManifestLockResult.txt",
			);
			runOnlyForDeploymentPostprocessing = 0;
			shellPath = /bin/sh;
			shellScript = "diff \"${PODS_PODFILE_DIR_PATH}/Podfile.lock\" \"${PODS_ROOT}/Manifest.lock\" > /dev/null\nif [ $? != 0 ] ; then\n    # print error to STDERR\n    echo \"error: The sandbox is not in sync with the Podfile.lock. Run 'pod install' or update your CocoaPods installation.\" >&2\n    exit 1\nfi\n# This output is used by Xcode 'outputs' to avoid re-running this script phase.\necho \"SUCCESS\" > \"${SCRIPT_OUTPUT_FILE_0}\"\n";
			showEnvVarsInLog = 0;
		};
/* End PBXShellScriptBuildPhase section */

/* Begin PBXSourcesBuildPhase section */
		242F3A9A2B18A0D300B96240 /* Sources */ = {
			isa = PBXSourcesBuildPhase;
			buildActionMask = 2147483647;
			files = (
				242F3AA62B18A0D300B96240 /* ViewController.swift in Sources */,
				242F3AA22B18A0D300B96240 /* AppDelegate.swift in Sources */,
				242F3AA42B18A0D300B96240 /* SceneDelegate.swift in Sources */,
			);
			runOnlyForDeploymentPostprocessing = 0;
		};
/* End PBXSourcesBuildPhase section */

/* Begin PBXVariantGroup section */
		242F3AA72B18A0D300B96240 /* Main.storyboard */ = {
			isa = PBXVariantGroup;
			children = (
				242F3AA82B18A0D300B96240 /* Base */,
			);
			name = Main.storyboard;
			sourceTree = "<group>";
		};
		242F3AAC2B18A0D700B96240 /* LaunchScreen.storyboard */ = {
			isa = PBXVariantGroup;
			children = (
				242F3AAD2B18A0D700B96240 /* Base */,
			);
			name = LaunchScreen.storyboard;
			sourceTree = "<group>";
		};
/* End PBXVariantGroup section */

/* Begin XCBuildConfiguration section */
		242F3AB02B18A0D700B96240 /* Debug */ = {
			isa = XCBuildConfiguration;
			buildSettings = {
				ALWAYS_SEARCH_USER_PATHS = NO;
				CLANG_ANALYZER_NONNULL = YES;
				CLANG_ANALYZER_NUMBER_OBJECT_CONVERSION = YES_AGGRESSIVE;
				CLANG_CXX_LANGUAGE_STANDARD = "gnu++20";
				CLANG_ENABLE_MODULES = YES;
				CLANG_ENABLE_OBJC_ARC = YES;
				CLANG_ENABLE_OBJC_WEAK = YES;
				CLANG_WARN_BLOCK_CAPTURE_AUTORELEASING = YES;
				CLANG_WARN_BOOL_CONVERSION = YES;
				CLANG_WARN_COMMA = YES;
				CLANG_WARN_CONSTANT_CONVERSION = YES;
				CLANG_WARN_DEPRECATED_OBJC_IMPLEMENTATIONS = YES;
				CLANG_WARN_DIRECT_OBJC_ISA_USAGE = YES_ERROR;
				CLANG_WARN_DOCUMENTATION_COMMENTS = YES;
				CLANG_WARN_EMPTY_BODY = YES;
				CLANG_WARN_ENUM_CONVERSION = YES;
				CLANG_WARN_INFINITE_RECURSION = YES;
				CLANG_WARN_INT_CONVERSION = YES;
				CLANG_WARN_NON_LITERAL_NULL_CONVERSION = YES;
				CLANG_WARN_OBJC_IMPLICIT_RETAIN_SELF = YES;
				CLANG_WARN_OBJC_LITERAL_CONVERSION = YES;
				CLANG_WARN_OBJC_ROOT_CLASS = YES_ERROR;
				CLANG_WARN_QUOTED_INCLUDE_IN_FRAMEWORK_HEADER = YES;
				CLANG_WARN_RANGE_LOOP_ANALYSIS = YES;
				CLANG_WARN_STRICT_PROTOTYPES = YES;
				CLANG_WARN_SUSPICIOUS_MOVE = YES;
				CLANG_WARN_UNGUARDED_AVAILABILITY = YES_AGGRESSIVE;
				CLANG_WARN_UNREACHABLE_CODE = YES;
				CLANG_WARN__DUPLICATE_METHOD_MATCH = YES;
				COPY_PHASE_STRIP = NO;
				DEBUG_INFORMATION_FORMAT = dwarf;
				ENABLE_STRICT_OBJC_MSGSEND = YES;
				ENABLE_TESTABILITY = YES;
				GCC_C_LANGUAGE_STANDARD = gnu11;
				GCC_DYNAMIC_NO_PIC = NO;
				GCC_NO_COMMON_BLOCKS = YES;
				GCC_OPTIMIZATION_LEVEL = 0;
				GCC_PREPROCESSOR_DEFINITIONS = (
					"DEBUG=1",
					"$(inherited)",
				);
				GCC_WARN_64_TO_32_BIT_CONVERSION = YES;
				GCC_WARN_ABOUT_RETURN_TYPE = YES_ERROR;
				GCC_WARN_UNDECLARED_SELECTOR = YES;
				GCC_WARN_UNINITIALIZED_AUTOS = YES_AGGRESSIVE;
				GCC_WARN_UNUSED_FUNCTION = YES;
				GCC_WARN_UNUSED_VARIABLE = YES;
				IPHONEOS_DEPLOYMENT_TARGET = 16.2;
				MTL_ENABLE_DEBUG_INFO = INCLUDE_SOURCE;
				MTL_FAST_MATH = YES;
				ONLY_ACTIVE_ARCH = YES;
				SDKROOT = iphoneos;
				SWIFT_ACTIVE_COMPILATION_CONDITIONS = DEBUG;
				SWIFT_OPTIMIZATION_LEVEL = "-Onone";
			};
			name = Debug;
		};
		242F3AB12B18A0D700B96240 /* Release */ = {
			isa = XCBuildConfiguration;
			buildSettings = {
				ALWAYS_SEARCH_USER_PATHS = NO;
				CLANG_ANALYZER_NONNULL = YES;
				CLANG_ANALYZER_NUMBER_OBJECT_CONVERSION = YES_AGGRESSIVE;
				CLANG_CXX_LANGUAGE_STANDARD = "gnu++20";
				CLANG_ENABLE_MODULES = YES;
				CLANG_ENABLE_OBJC_ARC = YES;
				CLANG_ENABLE_OBJC_WEAK = YES;
				CLANG_WARN_BLOCK_CAPTURE_AUTORELEASING = YES;
				CLANG_WARN_BOOL_CONVERSION = YES;
				CLANG_WARN_COMMA = YES;
				CLANG_WARN_CONSTANT_CONVERSION = YES;
				CLANG_WARN_DEPRECATED_OBJC_IMPLEMENTATIONS = YES;
				CLANG_WARN_DIRECT_OBJC_ISA_USAGE = YES_ERROR;
				CLANG_WARN_DOCUMENTATION_COMMENTS = YES;
				CLANG_WARN_EMPTY_BODY = YES;
				CLANG_WARN_ENUM_CONVERSION = YES;
				CLANG_WARN_INFINITE_RECURSION = YES;
				CLANG_WARN_INT_CONVERSION = YES;
				CLANG_WARN_NON_LITERAL_NULL_CONVERSION = YES;
				CLANG_WARN_OBJC_IMPLICIT_RETAIN_SELF = YES;
				CLANG_WARN_OBJC_LITERAL_CONVERSION = YES;
				CLANG_WARN_OBJC_ROOT_CLASS = YES_ERROR;
				CLANG_WARN_QUOTED_INCLUDE_IN_FRAMEWORK_HEADER = YES;
				CLANG_WARN_RANGE_LOOP_ANALYSIS = YES;
				CLANG_WARN_STRICT_PROTOTYPES = YES;
				CLANG_WARN_SUSPICIOUS_MOVE = YES;
				CLANG_WARN_UNGUARDED_AVAILABILITY = YES_AGGRESSIVE;
				CLANG_WARN_UNREACHABLE_CODE = YES;
				CLANG_WARN__DUPLICATE_METHOD_MATCH = YES;
				COPY_PHASE_STRIP = NO;
				DEBUG_INFORMATION_FORMAT = "dwarf-with-dsym";
				ENABLE_NS_ASSERTIONS = NO;
				ENABLE_STRICT_OBJC_MSGSEND = YES;
				GCC_C_LANGUAGE_STANDARD = gnu11;
				GCC_NO_COMMON_BLOCKS = YES;
				GCC_WARN_64_TO_32_BIT_CONVERSION = YES;
				GCC_WARN_ABOUT_RETURN_TYPE = YES_ERROR;
				GCC_WARN_UNDECLARED_SELECTOR = YES;
				GCC_WARN_UNINITIALIZED_AUTOS = YES_AGGRESSIVE;
				GCC_WARN_UNUSED_FUNCTION = YES;
				GCC_WARN_UNUSED_VARIABLE = YES;
				IPHONEOS_DEPLOYMENT_TARGET = 16.2;
				MTL_ENABLE_DEBUG_INFO = NO;
				MTL_FAST_MATH = YES;
				SDKROOT = iphoneos;
				SWIFT_COMPILATION_MODE = wholemodule;
				SWIFT_OPTIMIZATION_LEVEL = "-O";
				VALIDATE_PRODUCT = YES;
			};
			name = Release;
		};
		242F3AB32B18A0D700B96240 /* Debug */ = {
			isa = XCBuildConfiguration;
			baseConfigurationReference = DAC7B9CC60EAD200185FCD1E /* Pods-SnapKit constraints.debug.xcconfig */;
			buildSettings = {
				ASSETCATALOG_COMPILER_APPICON_NAME = AppIcon;
				ASSETCATALOG_COMPILER_GLOBAL_ACCENT_COLOR_NAME = AccentColor;
				CODE_SIGN_STYLE = Automatic;
				CURRENT_PROJECT_VERSION = 1;
				GENERATE_INFOPLIST_FILE = YES;
				INFOPLIST_FILE = "SnapKit constraints/Info.plist";
				INFOPLIST_KEY_UIApplicationSupportsIndirectInputEvents = YES;
				INFOPLIST_KEY_UILaunchStoryboardName = LaunchScreen;
				INFOPLIST_KEY_UIMainStoryboardFile = Main;
				INFOPLIST_KEY_UISupportedInterfaceOrientations_iPad = "UIInterfaceOrientationPortrait UIInterfaceOrientationPortraitUpsideDown UIInterfaceOrientationLandscapeLeft UIInterfaceOrientationLandscapeRight";
				INFOPLIST_KEY_UISupportedInterfaceOrientations_iPhone = "UIInterfaceOrientationPortrait UIInterfaceOrientationLandscapeLeft UIInterfaceOrientationLandscapeRight";
				LD_RUNPATH_SEARCH_PATHS = (
					"$(inherited)",
					"@executable_path/Frameworks",
				);
				MARKETING_VERSION = 1.0;
				PRODUCT_BUNDLE_IDENTIFIER = "com.irvinakocan.SnapKit-constraints";
				PRODUCT_NAME = "$(TARGET_NAME)";
				SWIFT_EMIT_LOC_STRINGS = YES;
				SWIFT_VERSION = 5.0;
				TARGETED_DEVICE_FAMILY = "1,2";
			};
			name = Debug;
		};
		242F3AB42B18A0D700B96240 /* Release */ = {
			isa = XCBuildConfiguration;
			baseConfigurationReference = F8D93D7365578AF17158F310 /* Pods-SnapKit constraints.release.xcconfig */;
			buildSettings = {
				ASSETCATALOG_COMPILER_APPICON_NAME = AppIcon;
				ASSETCATALOG_COMPILER_GLOBAL_ACCENT_COLOR_NAME = AccentColor;
				CODE_SIGN_STYLE = Automatic;
				CURRENT_PROJECT_VERSION = 1;
				GENERATE_INFOPLIST_FILE = YES;
				INFOPLIST_FILE = "SnapKit constraints/Info.plist";
				INFOPLIST_KEY_UIApplicationSupportsIndirectInputEvents = YES;
				INFOPLIST_KEY_UILaunchStoryboardName = LaunchScreen;
				INFOPLIST_KEY_UIMainStoryboardFile = Main;
				INFOPLIST_KEY_UISupportedInterfaceOrientations_iPad = "UIInterfaceOrientationPortrait UIInterfaceOrientationPortraitUpsideDown UIInterfaceOrientationLandscapeLeft UIInterfaceOrientationLandscapeRight";
				INFOPLIST_KEY_UISupportedInterfaceOrientations_iPhone = "UIInterfaceOrientationPortrait UIInterfaceOrientationLandscapeLeft UIInterfaceOrientationLandscapeRight";
				LD_RUNPATH_SEARCH_PATHS = (
					"$(inherited)",
					"@executable_path/Frameworks",
				);
				MARKETING_VERSION = 1.0;
				PRODUCT_BUNDLE_IDENTIFIER = "com.irvinakocan.SnapKit-constraints";
				PRODUCT_NAME = "$(TARGET_NAME)";
				SWIFT_EMIT_LOC_STRINGS = YES;
				SWIFT_VERSION = 5.0;
				TARGETED_DEVICE_FAMILY = "1,2";
			};
			name = Release;
		};
/* End XCBuildConfiguration section */

/* Begin XCConfigurationList section */
		242F3A992B18A0D200B96240 /* Build configuration list for PBXProject "SnapKit constraints" */ = {
			isa = XCConfigurationList;
			buildConfigurations = (
				242F3AB02B18A0D700B96240 /* Debug */,
				242F3AB12B18A0D700B96240 /* Release */,
			);
			defaultConfigurationIsVisible = 0;
			defaultConfigurationName = Release;
		};
		242F3AB22B18A0D700B96240 /* Build configuration list for PBXNativeTarget "SnapKit constraints" */ = {
			isa = XCConfigurationList;
			buildConfigurations = (
				242F3AB32B18A0D700B96240 /* Debug */,
				242F3AB42B18A0D700B96240 /* Release */,
			);
			defaultConfigurationIsVisible = 0;
			defaultConfigurationName = Release;
		};
/* End XCConfigurationList section */
	};
	rootObject = 242F3A962B18A0D200B96240 /* Project object */;
}
